{
  "name": "Caixa-d-agua",
  "lockfileVersion": 3,
  "requires": true,
  "packages": {
    "": {
      "dependencies": {
        "grafana": "^1.0.1"
      }
    },
    "node_modules/grafana": {
      "version": "1.0.1",
      "resolved": "https://registry.npmjs.org/grafana/-/grafana-1.0.1.tgz",
      "integrity": "sha512-NUsKwHN6M7B3rM8/DsWrqfENyN3fV0JoZL9yps0KF4MVDxt58LBoGWgrUXFOjatuxnmNV4mriLMYcfwvTQFLmA==",
      "license": "Apache-2.0"
    }
  }
}
